
Microsoft Visual Studio Solution File, Format Version 12.00
# Visual Studio Version 17
VisualStudioVersion = 17.5.002.0
MinimumVisualStudioVersion = 10.0.40219.1
Project("{9A19103F-16F7-4668-BE54-9A1E7A4F7556}") = "Prueba", "Prueba.csproj", "{BFD6BFCD-7349-4963-848A-874107D87D3B}"
EndProject
Global
	GlobalSection(SolutionConfigurationPlatforms) = preSolution
		Debug|Any CPU = Debug|Any CPU
		Release|Any CPU = Release|Any CPU
	EndGlobalSection
	GlobalSection(ProjectConfigurationPlatforms) = postSolution
		{BFD6BFCD-7349-4963-848A-874107D87D3B}.Debug|Any CPU.ActiveCfg = Debug|Any CPU
		{BFD6BFCD-7349-4963-848A-874107D87D3B}.Debug|Any CPU.Build.0 = Debug|Any CPU
		{BFD6BFCD-7349-4963-848A-874107D87D3B}.Release|Any CPU.ActiveCfg = Release|Any CPU
		{BFD6BFCD-7349-4963-848A-874107D87D3B}.Release|Any CPU.Build.0 = Release|Any CPU
	EndGlobalSection
	GlobalSection(SolutionProperties) = preSolution
		HideSolutionNode = FALSE
	EndGlobalSection
	GlobalSection(ExtensibilityGlobals) = postSolution
		SolutionGuid = {59649A7C-A68F-467E-A679-B41096672C0D}
	EndGlobalSection
EndGlobal
